// !$*UTF8*$!
{
	archiveVersion = 1;
	classes = {
	};
	objectVersion = 46;
	objects = {

/* Begin PBXBuildFile section */
		4CD4F6B35B1D1E2422B42D0A /* Pods_SwiftXibUIview.framework in Frameworks */ = {isa = PBXBuildFile; fileRef = E011FD6F8FBC42F9C3676534 /* Pods_SwiftXibUIview.framework */; };
		F20169BA1E1E199A00619E98 /* AppDelegate.swift in Sources */ = {isa = PBXBuildFile; fileRef = F20169B91E1E199A00619E98 /* AppDelegate.swift */; };
		F20169BC1E1E199A00619E98 /* ViewController.swift in Sources */ = {isa = PBXBuildFile; fileRef = F20169BB1E1E199A00619E98 /* ViewController.swift */; };
		F20169BF1E1E199A00619E98 /* Main.storyboard in Resources */ = {isa = PBXBuildFile; fileRef = F20169BD1E1E199A00619E98 /* Main.storyboard */; };
		F20169C11E1E199A00619E98 /* Assets.xcassets in Resources */ = {isa = PBXBuildFile; fileRef = F20169C01E1E199A00619E98 /* Assets.xcassets */; };
		F20169C41E1E199A00619E98 /* LaunchScreen.storyboard in Resources */ = {isa = PBXBuildFile; fileRef = F20169C21E1E199A00619E98 /* LaunchScreen.storyboard */; };
		F20169CC1E1E19BC00619E98 /* PopUpView.swift in Sources */ = {isa = PBXBuildFile; fileRef = F20169CB1E1E19BC00619E98 /* PopUpView.swift */; };
		F20169CE1E1E19E400619E98 /* PopUpView.xib in Resources */ = {isa = PBXBuildFile; fileRef = F20169CD1E1E19E400619E98 /* PopUpView.xib */; };
/* End PBXBuildFile section */

/* Begin PBXFileReference section */
		4361A7B19CCC2A05447CB8D3 /* Pods-SwiftXibUIview.release.xcconfig */ = {isa = PBXFileReference; includeInIndex = 1; lastKnownFileType = text.xcconfig; name = "Pods-SwiftXibUIview.release.xcconfig"; path = "Pods/Target Support Files/Pods-SwiftXibUIview/Pods-SwiftXibUIview.release.xcconfig"; sourceTree = "<group>"; };
		BA5ABEC4A2D35390DEBCD811 /* Pods-SwiftXibUIview.debug.xcconfig */ = {isa = PBXFileReference; includeInIndex = 1; lastKnownFileType = text.xcconfig; name = "Pods-SwiftXibUIview.debug.xcconfig"; path = "Pods/Target Support Files/Pods-SwiftXibUIview/Pods-SwiftXibUIview.debug.xcconfig"; sourceTree = "<group>"; };
		E011FD6F8FBC42F9C3676534 /* Pods_SwiftXibUIview.framework */ = {isa = PBXFileReference; explicitFileType = wrapper.framework; includeInIndex = 0; path = Pods_SwiftXibUIview.framework; sourceTree = BUILT_PRODUCTS_DIR; };
		F20169B61E1E199A00619E98 /* SwiftXibUIview.app */ = {isa = PBXFileReference; explicitFileType = wrapper.application; includeInIndex = 0; path = SwiftXibUIview.app; sourceTree = BUILT_PRODUCTS_DIR; };
		F20169B91E1E199A00619E98 /* AppDelegate.swift */ = {isa = PBXFileReference; lastKnownFileType = sourcecode.swift; path = AppDelegate.swift; sourceTree = "<group>"; };
		F20169BB1E1E199A00619E98 /* ViewController.swift */ = {isa = PBXFileReference; lastKnownFileType = sourcecode.swift; path = ViewController.swift; sourceTree = "<group>"; };
		F20169BE1E1E199A00619E98 /* Base */ = {isa = PBXFileReference; lastKnownFileType = file.storyboard; name = Base; path = Base.lproj/Main.storyboard; sourceTree = "<group>"; };
		F20169C01E1E199A00619E98 /* Assets.xcassets */ = {isa = PBXFileReference; lastKnownFileType = folder.assetcatalog; path = Assets.xcassets; sourceTree = "<group>"; };
		F20169C31E1E199A00619E98 /* Base */ = {isa = PBXFileReference; lastKnownFileType = file.storyboard; name = Base; path = Base.lproj/LaunchScreen.storyboard; sourceTree = "<group>"; };
		F20169C51E1E199A00619E98 /* Info.plist */ = {isa = PBXFileReference; lastKnownFileType = text.plist.xml; path = Info.plist; sourceTree = "<group>"; };
		F20169CB1E1E19BC00619E98 /* PopUpView.swift */ = {isa = PBXFileReference; fileEncoding = 4; lastKnownFileType = sourcecode.swift; path = PopUpView.swift; sourceTree = "<group>"; };
		F20169CD1E1E19E400619E98 /* PopUpView.xib */ = {isa = PBXFileReference; fileEncoding = 4; lastKnownFileType = file.xib; path = PopUpView.xib; sourceTree = "<group>"; };
/* End PBXFileReference section */

/* Begin PBXFrameworksBuildPhase section */
		F20169B31E1E199A00619E98 /* Frameworks */ = {
			isa = PBXFrameworksBuildPhase;
			buildActionMask = 2147483647;
			files = (
				4CD4F6B35B1D1E2422B42D0A /* Pods_SwiftXibUIview.framework in Frameworks */,
			);
			runOnlyForDeploymentPostprocessing = 0;
		};
/* End PBXFrameworksBuildPhase section */

/* Begin PBXGroup section */
		412D6FFDF59AB0970E385AC9 /* Frameworks */ = {
			isa = PBXGroup;
			children = (
				E011FD6F8FBC42F9C3676534 /* Pods_SwiftXibUIview.framework */,
			);
			name = Frameworks;
			sourceTree = "<group>";
		};
		60380AF659200FF2C1BA7FA4 /* Pods */ = {
			isa = PBXGroup;
			children = (
				BA5ABEC4A2D35390DEBCD811 /* Pods-SwiftXibUIview.debug.xcconfig */,
				4361A7B19CCC2A05447CB8D3 /* Pods-SwiftXibUIview.release.xcconfig */,
			);
			name = Pods;
			sourceTree = "<group>";
		};
		F20169AD1E1E199A00619E98 = {
			isa = PBXGroup;
			children = (
				F20169B81E1E199A00619E98 /* SwiftXibUIview */,
				F20169B71E1E199A00619E98 /* Products */,
				60380AF659200FF2C1BA7FA4 /* Pods */,
				412D6FFDF59AB0970E385AC9 /* Frameworks */,
			);
			sourceTree = "<group>";
		};
		F20169B71E1E199A00619E98 /* Products */ = {
			isa = PBXGroup;
			children = (
				F20169B61E1E199A00619E98 /* SwiftXibUIview.app */,
			);
			name = Products;
			sourceTree = "<group>";
		};
		F20169B81E1E199A00619E98 /* SwiftXibUIview */ = {
			isa = PBXGroup;
			children = (
				F20169B91E1E199A00619E98 /* AppDelegate.swift */,
				F20169BB1E1E199A00619E98 /* ViewController.swift */,
				F20169BD1E1E199A00619E98 /* Main.storyboard */,
				F20169C01E1E199A00619E98 /* Assets.xcassets */,
				F20169C21E1E199A00619E98 /* LaunchScreen.storyboard */,
				F20169C51E1E199A00619E98 /* Info.plist */,
				F20169CB1E1E19BC00619E98 /* PopUpView.swift */,
				F20169CD1E1E19E400619E98 /* PopUpView.xib */,
			);
			path = SwiftXibUIview;
			sourceTree = "<group>";
		};
/* End PBXGroup section */

/* Begin PBXNativeTarget section */
		F20169B51E1E199A00619E98 /* SwiftXibUIview */ = {
			isa = PBXNativeTarget;
			buildConfigurationList = F20169C81E1E199A00619E98 /* Build configuration list for PBXNativeTarget "SwiftXibUIview" */;
			buildPhases = (
				8528CA2912DDBE927D2221A7 /* [CP] Check Pods Manifest.lock */,
				F20169B21E1E199A00619E98 /* Sources */,
				F20169B31E1E199A00619E98 /* Frameworks */,
				F20169B41E1E199A00619E98 /* Resources */,
				23B721C0E087C0C0782CF3BD /* [CP] Embed Pods Frameworks */,
				7F2DB1E5EDCB010802E0F35C /* [CP] Copy Pods Resources */,
			);
			buildRules = (
			);
			dependencies = (
			);
			name = SwiftXibUIview;
			productName = SwiftXibUIview;
			productReference = F20169B61E1E199A00619E98 /* SwiftXibUIview.app */;
			productType = "com.apple.product-type.application";
		};
/* End PBXNativeTarget section */

/* Begin PBXProject section */
		F20169AE1E1E199A00619E98 /* Project object */ = {
			isa = PBXProject;
			attributes = {
				LastSwiftUpdateCheck = 0820;
				LastUpgradeCheck = 0820;
				ORGANIZATIONNAME = Quy;
				TargetAttributes = {
					F20169B51E1E199A00619E98 = {
						CreatedOnToolsVersion = 8.2.1;
						ProvisioningStyle = Automatic;
					};
				};
			};
			buildConfigurationList = F20169B11E1E199A00619E98 /* Build configuration list for PBXProject "SwiftXibUIview" */;
			compatibilityVersion = "Xcode 3.2";
			developmentRegion = English;
			hasScannedForEncodings = 0;
			knownRegions = (
				en,
				Base,
			);
			mainGroup = F20169AD1E1E199A00619E98;
			productRefGroup = F20169B71E1E199A00619E98 /* Products */;
			projectDirPath = "";
			projectRoot = "";
			targets = (
				F20169B51E1E199A00619E98 /* SwiftXibUIview */,
			);
		};
/* End PBXProject section */

/* Begin PBXResourcesBuildPhase section */
		F20169B41E1E199A00619E98 /* Resources */ = {
			isa = PBXResourcesBuildPhase;
			buildActionMask = 2147483647;
			files = (
				F20169C41E1E199A00619E98 /* LaunchScreen.storyboard in Resources */,
				F20169CE1E1E19E400619E98 /* PopUpView.xib in Resources */,
				F20169C11E1E199A00619E98 /* Assets.xcassets in Resources */,
				F20169BF1E1E199A00619E98 /* Main.storyboard in Resources */,
			);
			runOnlyForDeploymentPostprocessing = 0;
		};
/* End PBXResourcesBuildPhase section */

/* Begin PBXShellScriptBuildPhase section */
		23B721C0E087C0C0782CF3BD /* [CP] Embed Pods Frameworks */ = {
			isa = PBXShellScriptBuildPhase;
			buildActionMask = 2147483647;
			files = (
			);
			inputPaths = (
			);
			name = "[CP] Embed Pods Frameworks";
			outputPaths = (
			);
			runOnlyForDeploymentPostprocessing = 0;
			shellPath = /bin/sh;
			shellScript = "\"${SRCROOT}/Pods/Target Support Files/Pods-SwiftXibUIview/Pods-SwiftXibUIview-frameworks.sh\"\n";
			showEnvVarsInLog = 0;
		};
		7F2DB1E5EDCB010802E0F35C /* [CP] Copy Pods Resources */ = {
			isa = PBXShellScriptBuildPhase;
			buildActionMask = 2147483647;
			files = (
			);
			inputPaths = (
			);
			name = "[CP] Copy Pods Resources";
			outputPaths = (
			);
			runOnlyForDeploymentPostprocessing = 0;
			shellPath = /bin/sh;
			shellScript = "\"${SRCROOT}/Pods/Target Support Files/Pods-SwiftXibUIview/Pods-SwiftXibUIview-resources.sh\"\n";
			showEnvVarsInLog = 0;
		};
		8528CA2912DDBE927D2221A7 /* [CP] Check Pods Manifest.lock */ = {
			isa = PBXShellScriptBuildPhase;
			buildActionMask = 2147483647;
			files = (
			);
			inputPaths = (
			);
			name = "[CP] Check Pods Manifest.lock";
			outputPaths = (
			);
			runOnlyForDeploymentPostprocessing = 0;
			shellPath = /bin/sh;
			shellScript = "diff \"${PODS_ROOT}/../Podfile.lock\" \"${PODS_ROOT}/Manifest.lock\" > /dev/null\nif [ $? != 0 ] ; then\n    # print error to STDERR\n    echo \"error: The sandbox is not in sync with the Podfile.lock. Run 'pod install' or update your CocoaPods installation.\" >&2\n    exit 1\nfi\n";
			showEnvVarsInLog = 0;
		};
/* End PBXShellScriptBuildPhase section */

/* Begin PBXSourcesBuildPhase section */
		F20169B21E1E199A00619E98 /* Sources */ = {
			isa = PBXSourcesBuildPhase;
			buildActionMask = 2147483647;
			files = (
				F20169CC1E1E19BC00619E98 /* PopUpView.swift in Sources */,
				F20169BC1E1E199A00619E98 /* ViewController.swift in Sources */,
				F20169BA1E1E199A00619E98 /* AppDelegate.swift in Sources */,
			);
			runOnlyForDeploymentPostprocessing = 0;
		};
/* End PBXSourcesBuildPhase section */

/* Begin PBXVariantGroup section */
		F20169BD1E1E199A00619E98 /* Main.storyboard */ = {
			isa = PBXVariantGroup;
			children = (
				F20169BE1E1E199A00619E98 /* Base */,
			);
			name = Main.storyboard;
			sourceTree = "<group>";
		};
		F20169C21E1E199A00619E98 /* LaunchScreen.storyboard */ = {
			isa = PBXVariantGroup;
			children = (
				F20169C31E1E199A00619E98 /* Base */,
			);
			name = LaunchScreen.storyboard;
			sourceTree = "<group>";
		};
/* End PBXVariantGroup section */

/* Begin XCBuildConfiguration section */
		F20169C61E1E199A00619E98 /* Debug */ = {
			isa = XCBuildConfiguration;
			buildSettings = {
				ALWAYS_SEARCH_USER_PATHS = NO;
				CLANG_ANALYZER_NONNULL = YES;
				CLANG_CXX_LANGUAGE_STANDARD = "gnu++0x";
				CLANG_CXX_LIBRARY = "libc++";
				CLANG_ENABLE_MODULES = YES;
				CLANG_ENABLE_OBJC_ARC = YES;
				CLANG_WARN_BOOL_CONVERSION = YES;
				CLANG_WARN_CONSTANT_CONVERSION = YES;
				CLANG_WARN_DIRECT_OBJC_ISA_USAGE = YES_ERROR;
				CLANG_WARN_DOCUMENTATION_COMMENTS = YES;
				CLANG_WARN_EMPTY_BODY = YES;
				CLANG_WARN_ENUM_CONVERSION = YES;
				CLANG_WARN_INFINITE_RECURSION = YES;
				CLANG_WARN_INT_CONVERSION = YES;
				CLANG_WARN_OBJC_ROOT_CLASS = YES_ERROR;
				CLANG_WARN_SUSPICIOUS_MOVE = YES;
				CLANG_WARN_UNREACHABLE_CODE = YES;
				CLANG_WARN__DUPLICATE_METHOD_MATCH = YES;
				"CODE_SIGN_IDENTITY[sdk=iphoneos*]" = "iPhone Developer";
				COPY_PHASE_STRIP = NO;
				DEBUG_INFORMATION_FORMAT = dwarf;
				ENABLE_STRICT_OBJC_MSGSEND = YES;
				ENABLE_TESTABILITY = YES;
				GCC_C_LANGUAGE_STANDARD = gnu99;
				GCC_DYNAMIC_NO_PIC = NO;
				GCC_NO_COMMON_BLOCKS = YES;
				GCC_OPTIMIZATION_LEVEL = 0;
				GCC_PREPROCESSOR_DEFINITIONS = (
					"DEBUG=1",
					"$(inherited)",
				);
				GCC_WARN_64_TO_32_BIT_CONVERSION = YES;
				GCC_WARN_ABOUT_RETURN_TYPE = YES_ERROR;
				GCC_WARN_UNDECLARED_SELECTOR = YES;
				GCC_WARN_UNINITIALIZED_AUTOS = YES_AGGRESSIVE;
				GCC_WARN_UNUSED_FUNCTION = YES;
				GCC_WARN_UNUSED_VARIABLE = YES;
				IPHONEOS_DEPLOYMENT_TARGET = 10.2;
				MTL_ENABLE_DEBUG_INFO = YES;
				ONLY_ACTIVE_ARCH = YES;
				SDKROOT = iphoneos;
				SWIFT_ACTIVE_COMPILATION_CONDITIONS = DEBUG;
				SWIFT_OPTIMIZATION_LEVEL = "-Onone";
				TARGETED_DEVICE_FAMILY = "1,2";
			};
			name = Debug;
		};
		F20169C71E1E199A00619E98 /* Release */ = {
			isa = XCBuildConfiguration;
			buildSettings = {
				ALWAYS_SEARCH_USER_PATHS = NO;
				CLANG_ANALYZER_NONNULL = YES;
				CLANG_CXX_LANGUAGE_STANDARD = "gnu++0x";
				CLANG_CXX_LIBRARY = "libc++";
				CLANG_ENABLE_MODULES = YES;
				CLANG_ENABLE_OBJC_ARC = YES;
				CLANG_WARN_BOOL_CONVERSION = YES;
				CLANG_WARN_CONSTANT_CONVERSION = YES;
				CLANG_WARN_DIRECT_OBJC_ISA_USAGE = YES_ERROR;
				CLANG_WARN_DOCUMENTATION_COMMENTS = YES;
				CLANG_WARN_EMPTY_BODY = YES;
				CLANG_WARN_ENUM_CONVERSION = YES;
				CLANG_WARN_INFINITE_RECURSION = YES;
				CLANG_WARN_INT_CONVERSION = YES;
				CLANG_WARN_OBJC_ROOT_CLASS = YES_ERROR;
				CLANG_WARN_SUSPICIOUS_MOVE = YES;
				CLANG_WARN_UNREACHABLE_CODE = YES;
				CLANG_WARN__DUPLICATE_METHOD_MATCH = YES;
				"CODE_SIGN_IDENTITY[sdk=iphoneos*]" = "iPhone Developer";
				COPY_PHASE_STRIP = NO;
				DEBUG_INFORMATION_FORMAT = "dwarf-with-dsym";
				ENABLE_NS_ASSERTIONS = NO;
				ENABLE_STRICT_OBJC_MSGSEND = YES;
				GCC_C_LANGUAGE_STANDARD = gnu99;
				GCC_NO_COMMON_BLOCKS = YES;
				GCC_WARN_64_TO_32_BIT_CONVERSION = YES;
				GCC_WARN_ABOUT_RETURN_TYPE = YES_ERROR;
				GCC_WARN_UNDECLARED_SELECTOR = YES;
				GCC_WARN_UNINITIALIZED_AUTOS = YES_AGGRESSIVE;
				GCC_WARN_UNUSED_FUNCTION = YES;
				GCC_WARN_UNUSED_VARIABLE = YES;
				IPHONEOS_DEPLOYMENT_TARGET = 10.2;
				MTL_ENABLE_DEBUG_INFO = NO;
				SDKROOT = iphoneos;
				SWIFT_OPTIMIZATION_LEVEL = "-Owholemodule";
				TARGETED_DEVICE_FAMILY = "1,2";
				VALIDATE_PRODUCT = YES;
			};
			name = Release;
		};
		F20169C91E1E199A00619E98 /* Debug */ = {
			isa = XCBuildConfiguration;
			baseConfigurationReference = BA5ABEC4A2D35390DEBCD811 /* Pods-SwiftXibUIview.debug.xcconfig */;
			buildSettings = {
				ASSETCATALOG_COMPILER_APPICON_NAME = AppIcon;
				INFOPLIST_FILE = SwiftXibUIview/Info.plist;
				IPHONEOS_DEPLOYMENT_TARGET = 9.0;
				LD_RUNPATH_SEARCH_PATHS = "$(inherited) @executable_path/Frameworks";
				PRODUCT_BUNDLE_IDENTIFIER = quy.com.SwiftXibUIview;
				PRODUCT_NAME = "$(TARGET_NAME)";
				SWIFT_VERSION = 3.0;
			};
			name = Debug;
		};
		F20169CA1E1E199A00619E98 /* Release */ = {
			isa = XCBuildConfiguration;
			baseConfigurationReference = 4361A7B19CCC2A05447CB8D3 /* Pods-SwiftXibUIview.release.xcconfig */;
			buildSettings = {
				ASSETCATALOG_COMPILER_APPICON_NAME = AppIcon;
				INFOPLIST_FILE = SwiftXibUIview/Info.plist;
				IPHONEOS_DEPLOYMENT_TARGET = 9.0;
				LD_RUNPATH_SEARCH_PATHS = "$(inherited) @executable_path/Frameworks";
				PRODUCT_BUNDLE_IDENTIFIER = quy.com.SwiftXibUIview;
				PRODUCT_NAME = "$(TARGET_NAME)";
				SWIFT_VERSION = 3.0;
			};
			name = Release;
		};
/* End XCBuildConfiguration section */

/* Begin XCConfigurationList section */
		F20169B11E1E199A00619E98 /* Build configuration list for PBXProject "SwiftXibUIview" */ = {
			isa = XCConfigurationList;
			buildConfigurations = (
				F20169C61E1E199A00619E98 /* Debug */,
				F20169C71E1E199A00619E98 /* Release */,
			);
			defaultConfigurationIsVisible = 0;
			defaultConfigurationName = Release;
		};
		F20169C81E1E199A00619E98 /* Build configuration list for PBXNativeTarget "SwiftXibUIview" */ = {
			isa = XCConfigurationList;
			buildConfigurations = (
				F20169C91E1E199A00619E98 /* Debug */,
				F20169CA1E1E199A00619E98 /* Release */,
			);
			defaultConfigurationIsVisible = 0;
			defaultConfigurationName = Release;
		};
/* End XCConfigurationList section */
	};
	rootObject = F20169AE1E1E199A00619E98 /* Project object */;
}
